// !$*UTF8*$!
{
	archiveVersion = 1;
	classes = {
	};
	objectVersion = 50;
	objects = {

/* Begin PBXBuildFile section */
		2C614AB32088AC4200CD3455 /* AppDelegate.swift in Sources */ = {isa = PBXBuildFile; fileRef = 2C614AB22088AC4200CD3455 /* AppDelegate.swift */; };
		2C614AB82088AC4200CD3455 /* Main.storyboard in Resources */ = {isa = PBXBuildFile; fileRef = 2C614AB62088AC4200CD3455 /* Main.storyboard */; };
		2C614ABB2088AC4200CD3455 /* iSecure.xcdatamodeld in Sources */ = {isa = PBXBuildFile; fileRef = 2C614AB92088AC4200CD3455 /* iSecure.xcdatamodeld */; };
		2C614ABD2088AC4300CD3455 /* Assets.xcassets in Resources */ = {isa = PBXBuildFile; fileRef = 2C614ABC2088AC4300CD3455 /* Assets.xcassets */; };
		2C614AC02088AC4300CD3455 /* LaunchScreen.storyboard in Resources */ = {isa = PBXBuildFile; fileRef = 2C614ABE2088AC4300CD3455 /* LaunchScreen.storyboard */; };
		2C614AC82088AC8300CD3455 /* CoreDataHelper.swift in Sources */ = {isa = PBXBuildFile; fileRef = 2C614AC72088AC8300CD3455 /* CoreDataHelper.swift */; };
		2C614ACA2088BE8800CD3455 /* GetStarted.swift in Sources */ = {isa = PBXBuildFile; fileRef = 2C614AC92088BE8800CD3455 /* GetStarted.swift */; };
		2C614ACC2088BEB700CD3455 /* Login.swift in Sources */ = {isa = PBXBuildFile; fileRef = 2C614ACB2088BEB700CD3455 /* Login.swift */; };
		2C614ACE2088BEC400CD3455 /* Generate.swift in Sources */ = {isa = PBXBuildFile; fileRef = 2C614ACD2088BEC300CD3455 /* Generate.swift */; };
		2C614AD02088BF0B00CD3455 /* AllAccounts.swift in Sources */ = {isa = PBXBuildFile; fileRef = 2C614ACF2088BF0B00CD3455 /* AllAccounts.swift */; };
		2C614AD22088BF1900CD3455 /* CreateAccount.swift in Sources */ = {isa = PBXBuildFile; fileRef = 2C614AD12088BF1900CD3455 /* CreateAccount.swift */; };
		2C614AD42088BF2C00CD3455 /* ShowAccount.swift in Sources */ = {isa = PBXBuildFile; fileRef = 2C614AD32088BF2C00CD3455 /* ShowAccount.swift */; };
		2C614AD62088BF3A00CD3455 /* Settings.swift in Sources */ = {isa = PBXBuildFile; fileRef = 2C614AD52088BF3A00CD3455 /* Settings.swift */; };
		2C614AD82088C11A00CD3455 /* SingleToneClass.swift in Sources */ = {isa = PBXBuildFile; fileRef = 2C614AD72088C11A00CD3455 /* SingleToneClass.swift */; };
		2C8703A1209349030066E3D0 /* HomeAccountTVCell.swift in Sources */ = {isa = PBXBuildFile; fileRef = 2C8703A0209349030066E3D0 /* HomeAccountTVCell.swift */; };
/* End PBXBuildFile section */

/* Begin PBXFileReference section */
		2C614AAF2088AC4200CD3455 /* iSecure.app */ = {isa = PBXFileReference; explicitFileType = wrapper.application; includeInIndex = 0; path = iSecure.app; sourceTree = BUILT_PRODUCTS_DIR; };
		2C614AB22088AC4200CD3455 /* AppDelegate.swift */ = {isa = PBXFileReference; lastKnownFileType = sourcecode.swift; path = AppDelegate.swift; sourceTree = "<group>"; };
		2C614AB72088AC4200CD3455 /* Base */ = {isa = PBXFileReference; lastKnownFileType = file.storyboard; name = Base; path = Base.lproj/Main.storyboard; sourceTree = "<group>"; };
		2C614ABA2088AC4200CD3455 /* iSecure.xcdatamodel */ = {isa = PBXFileReference; lastKnownFileType = wrapper.xcdatamodel; path = iSecure.xcdatamodel; sourceTree = "<group>"; };
		2C614ABC2088AC4300CD3455 /* Assets.xcassets */ = {isa = PBXFileReference; lastKnownFileType = folder.assetcatalog; path = Assets.xcassets; sourceTree = "<group>"; };
		2C614ABF2088AC4300CD3455 /* Base */ = {isa = PBXFileReference; lastKnownFileType = file.storyboard; name = Base; path = Base.lproj/LaunchScreen.storyboard; sourceTree = "<group>"; };
		2C614AC12088AC4300CD3455 /* Info.plist */ = {isa = PBXFileReference; lastKnownFileType = text.plist.xml; path = Info.plist; sourceTree = "<group>"; };
		2C614AC72088AC8300CD3455 /* CoreDataHelper.swift */ = {isa = PBXFileReference; lastKnownFileType = sourcecode.swift; path = CoreDataHelper.swift; sourceTree = "<group>"; };
		2C614AC92088BE8800CD3455 /* GetStarted.swift */ = {isa = PBXFileReference; lastKnownFileType = sourcecode.swift; path = GetStarted.swift; sourceTree = "<group>"; };
		2C614ACB2088BEB700CD3455 /* Login.swift */ = {isa = PBXFileReference; lastKnownFileType = sourcecode.swift; path = Login.swift; sourceTree = "<group>"; };
		2C614ACD2088BEC300CD3455 /* Generate.swift */ = {isa = PBXFileReference; lastKnownFileType = sourcecode.swift; path = Generate.swift; sourceTree = "<group>"; };
		2C614ACF2088BF0B00CD3455 /* AllAccounts.swift */ = {isa = PBXFileReference; lastKnownFileType = sourcecode.swift; path = AllAccounts.swift; sourceTree = "<group>"; };
		2C614AD12088BF1900CD3455 /* CreateAccount.swift */ = {isa = PBXFileReference; lastKnownFileType = sourcecode.swift; path = CreateAccount.swift; sourceTree = "<group>"; };
		2C614AD32088BF2C00CD3455 /* ShowAccount.swift */ = {isa = PBXFileReference; lastKnownFileType = sourcecode.swift; path = ShowAccount.swift; sourceTree = "<group>"; };
		2C614AD52088BF3A00CD3455 /* Settings.swift */ = {isa = PBXFileReference; lastKnownFileType = sourcecode.swift; path = Settings.swift; sourceTree = "<group>"; };
		2C614AD72088C11A00CD3455 /* SingleToneClass.swift */ = {isa = PBXFileReference; lastKnownFileType = sourcecode.swift; path = SingleToneClass.swift; sourceTree = "<group>"; };
		2C8703A0209349030066E3D0 /* HomeAccountTVCell.swift */ = {isa = PBXFileReference; lastKnownFileType = sourcecode.swift; path = HomeAccountTVCell.swift; sourceTree = "<group>"; };
/* End PBXFileReference section */

/* Begin PBXFrameworksBuildPhase section */
		2C614AAC2088AC4200CD3455 /* Frameworks */ = {
			isa = PBXFrameworksBuildPhase;
			buildActionMask = 2147483647;
			files = (
			);
			runOnlyForDeploymentPostprocessing = 0;
		};
/* End PBXFrameworksBuildPhase section */

/* Begin PBXGroup section */
		2C614AA62088AC4200CD3455 = {
			isa = PBXGroup;
			children = (
				2C614AB12088AC4200CD3455 /* iSecure */,
				2C614AB02088AC4200CD3455 /* Products */,
			);
			sourceTree = "<group>";
		};
		2C614AB02088AC4200CD3455 /* Products */ = {
			isa = PBXGroup;
			children = (
				2C614AAF2088AC4200CD3455 /* iSecure.app */,
			);
			name = Products;
			sourceTree = "<group>";
		};
		2C614AB12088AC4200CD3455 /* iSecure */ = {
			isa = PBXGroup;
			children = (
				2C87039B2093486A0066E3D0 /* Model */,
				2C614AC72088AC8300CD3455 /* CoreDataHelper.swift */,
				2C614AB22088AC4200CD3455 /* AppDelegate.swift */,
				2C614AD72088C11A00CD3455 /* SingleToneClass.swift */,
				2C87039C209348730066E3D0 /* Views */,
				2C87039D209348810066E3D0 /* Controllers */,
				2C614ABC2088AC4300CD3455 /* Assets.xcassets */,
				2C614AC12088AC4300CD3455 /* Info.plist */,
			);
			path = iSecure;
			sourceTree = "<group>";
		};
		2C87039B2093486A0066E3D0 /* Model */ = {
			isa = PBXGroup;
			children = (
				2C614AB92088AC4200CD3455 /* iSecure.xcdatamodeld */,
			);
			path = Model;
			sourceTree = "<group>";
		};
		2C87039C209348730066E3D0 /* Views */ = {
			isa = PBXGroup;
			children = (
				2C614AB62088AC4200CD3455 /* Main.storyboard */,
				2C614ABE2088AC4300CD3455 /* LaunchScreen.storyboard */,
			);
			path = Views;
			sourceTree = "<group>";
		};
		2C87039D209348810066E3D0 /* Controllers */ = {
			isa = PBXGroup;
			children = (
				2C87039F209348D10066E3D0 /* TableViewCells */,
				2C87039E209348AD0066E3D0 /* View Controllers */,
			);
			path = Controllers;
			sourceTree = "<group>";
		};
		2C87039E209348AD0066E3D0 /* View Controllers */ = {
			isa = PBXGroup;
			children = (
				2C614AC92088BE8800CD3455 /* GetStarted.swift */,
				2C614ACB2088BEB700CD3455 /* Login.swift */,
				2C614ACD2088BEC300CD3455 /* Generate.swift */,
				2C614ACF2088BF0B00CD3455 /* AllAccounts.swift */,
				2C614AD12088BF1900CD3455 /* CreateAccount.swift */,
				2C614AD32088BF2C00CD3455 /* ShowAccount.swift */,
				2C614AD52088BF3A00CD3455 /* Settings.swift */,
			);
			path = "View Controllers";
			sourceTree = "<group>";
		};
		2C87039F209348D10066E3D0 /* TableViewCells */ = {
			isa = PBXGroup;
			children = (
				2C8703A0209349030066E3D0 /* HomeAccountTVCell.swift */,
			);
			path = TableViewCells;
			sourceTree = "<group>";
		};
/* End PBXGroup section */

/* Begin PBXNativeTarget section */
		2C614AAE2088AC4200CD3455 /* iSecure */ = {
			isa = PBXNativeTarget;
			buildConfigurationList = 2C614AC42088AC4300CD3455 /* Build configuration list for PBXNativeTarget "iSecure" */;
			buildPhases = (
				2C614AAB2088AC4200CD3455 /* Sources */,
				2C614AAC2088AC4200CD3455 /* Frameworks */,
				2C614AAD2088AC4200CD3455 /* Resources */,
			);
			buildRules = (
			);
			dependencies = (
			);
			name = iSecure;
			productName = iSecure;
			productReference = 2C614AAF2088AC4200CD3455 /* iSecure.app */;
			productType = "com.apple.product-type.application";
		};
/* End PBXNativeTarget section */

/* Begin PBXProject section */
		2C614AA72088AC4200CD3455 /* Project object */ = {
			isa = PBXProject;
			attributes = {
				LastSwiftUpdateCheck = 0930;
				LastUpgradeCheck = 0930;
				ORGANIZATIONNAME = "Saikumar Pallagani";
				TargetAttributes = {
					2C614AAE2088AC4200CD3455 = {
						CreatedOnToolsVersion = 9.3;
					};
				};
			};
			buildConfigurationList = 2C614AAA2088AC4200CD3455 /* Build configuration list for PBXProject "iSecure" */;
			compatibilityVersion = "Xcode 9.3";
			developmentRegion = en;
			hasScannedForEncodings = 0;
			knownRegions = (
				en,
				Base,
			);
			mainGroup = 2C614AA62088AC4200CD3455;
			productRefGroup = 2C614AB02088AC4200CD3455 /* Products */;
			projectDirPath = "";
			projectRoot = "";
			targets = (
				2C614AAE2088AC4200CD3455 /* iSecure */,
			);
		};
/* End PBXProject section */

/* Begin PBXResourcesBuildPhase section */
		2C614AAD2088AC4200CD3455 /* Resources */ = {
			isa = PBXResourcesBuildPhase;
			buildActionMask = 2147483647;
			files = (
				2C614AC02088AC4300CD3455 /* LaunchScreen.storyboard in Resources */,
				2C614ABD2088AC4300CD3455 /* Assets.xcassets in Resources */,
				2C614AB82088AC4200CD3455 /* Main.storyboard in Resources */,
			);
			runOnlyForDeploymentPostprocessing = 0;
		};
/* End PBXResourcesBuildPhase section */

/* Begin PBXSourcesBuildPhase section */
		2C614AAB2088AC4200CD3455 /* Sources */ = {
			isa = PBXSourcesBuildPhase;
			buildActionMask = 2147483647;
			files = (
				2C614AD02088BF0B00CD3455 /* AllAccounts.swift in Sources */,
				2C614AD42088BF2C00CD3455 /* ShowAccount.swift in Sources */,
				2C614AB32088AC4200CD3455 /* AppDelegate.swift in Sources */,
				2C614AD82088C11A00CD3455 /* SingleToneClass.swift in Sources */,
				2C614ACC2088BEB700CD3455 /* Login.swift in Sources */,
				2C614AD62088BF3A00CD3455 /* Settings.swift in Sources */,
				2C8703A1209349030066E3D0 /* HomeAccountTVCell.swift in Sources */,
				2C614ACE2088BEC400CD3455 /* Generate.swift in Sources */,
				2C614AC82088AC8300CD3455 /* CoreDataHelper.swift in Sources */,
				2C614ACA2088BE8800CD3455 /* GetStarted.swift in Sources */,
				2C614ABB2088AC4200CD3455 /* iSecure.xcdatamodeld in Sources */,
				2C614AD22088BF1900CD3455 /* CreateAccount.swift in Sources */,
			);
			runOnlyForDeploymentPostprocessing = 0;
		};
/* End PBXSourcesBuildPhase section */

/* Begin PBXVariantGroup section */
		2C614AB62088AC4200CD3455 /* Main.storyboard */ = {
			isa = PBXVariantGroup;
			children = (
				2C614AB72088AC4200CD3455 /* Base */,
			);
			name = Main.storyboard;
			sourceTree = "<group>";
		};
		2C614ABE2088AC4300CD3455 /* LaunchScreen.storyboard */ = {
			isa = PBXVariantGroup;
			children = (
				2C614ABF2088AC4300CD3455 /* Base */,
			);
			name = LaunchScreen.storyboard;
			sourceTree = "<group>";
		};
/* End PBXVariantGroup section */

/* Begin XCBuildConfiguration section */
		2C614AC22088AC4300CD3455 /* Debug */ = {
			isa = XCBuildConfiguration;
			buildSettings = {
				ALWAYS_SEARCH_USER_PATHS = NO;
				CLANG_ANALYZER_NONNULL = YES;
				CLANG_ANALYZER_NUMBER_OBJECT_CONVERSION = YES_AGGRESSIVE;
				CLANG_CXX_LANGUAGE_STANDARD = "gnu++14";
				CLANG_CXX_LIBRARY = "libc++";
				CLANG_ENABLE_MODULES = YES;
				CLANG_ENABLE_OBJC_ARC = YES;
				CLANG_ENABLE_OBJC_WEAK = YES;
				CLANG_WARN_BLOCK_CAPTURE_AUTORELEASING = YES;
				CLANG_WARN_BOOL_CONVERSION = YES;
				CLANG_WARN_COMMA = YES;
				CLANG_WARN_CONSTANT_CONVERSION = YES;
				CLANG_WARN_DEPRECATED_OBJC_IMPLEMENTATIONS = YES;
				CLANG_WARN_DIRECT_OBJC_ISA_USAGE = YES_ERROR;
				CLANG_WARN_DOCUMENTATION_COMMENTS = YES;
				CLANG_WARN_EMPTY_BODY = YES;
				CLANG_WARN_ENUM_CONVERSION = YES;
				CLANG_WARN_INFINITE_RECURSION = YES;
				CLANG_WARN_INT_CONVERSION = YES;
				CLANG_WARN_NON_LITERAL_NULL_CONVERSION = YES;
				CLANG_WARN_OBJC_IMPLICIT_RETAIN_SELF = YES;
				CLANG_WARN_OBJC_LITERAL_CONVERSION = YES;
				CLANG_WARN_OBJC_ROOT_CLASS = YES_ERROR;
				CLANG_WARN_RANGE_LOOP_ANALYSIS = YES;
				CLANG_WARN_STRICT_PROTOTYPES = YES;
				CLANG_WARN_SUSPICIOUS_MOVE = YES;
				CLANG_WARN_UNGUARDED_AVAILABILITY = YES_AGGRESSIVE;
				CLANG_WARN_UNREACHABLE_CODE = YES;
				CLANG_WARN__DUPLICATE_METHOD_MATCH = YES;
				CODE_SIGN_IDENTITY = "iPhone Developer";
				COPY_PHASE_STRIP = NO;
				DEBUG_INFORMATION_FORMAT = dwarf;
				ENABLE_STRICT_OBJC_MSGSEND = YES;
				ENABLE_TESTABILITY = YES;
				GCC_C_LANGUAGE_STANDARD = gnu11;
				GCC_DYNAMIC_NO_PIC = NO;
				GCC_NO_COMMON_BLOCKS = YES;
				GCC_OPTIMIZATION_LEVEL = 0;
				GCC_PREPROCESSOR_DEFINITIONS = (
					"DEBUG=1",
					"$(inherited)",
				);
				GCC_WARN_64_TO_32_BIT_CONVERSION = YES;
				GCC_WARN_ABOUT_RETURN_TYPE = YES_ERROR;
				GCC_WARN_UNDECLARED_SELECTOR = YES;
				GCC_WARN_UNINITIALIZED_AUTOS = YES_AGGRESSIVE;
				GCC_WARN_UNUSED_FUNCTION = YES;
				GCC_WARN_UNUSED_VARIABLE = YES;
				IPHONEOS_DEPLOYMENT_TARGET = 11.3;
				MTL_ENABLE_DEBUG_INFO = YES;
				ONLY_ACTIVE_ARCH = YES;
				SDKROOT = iphoneos;
				SWIFT_ACTIVE_COMPILATION_CONDITIONS = DEBUG;
				SWIFT_OPTIMIZATION_LEVEL = "-Onone";
			};
			name = Debug;
		};
		2C614AC32088AC4300CD3455 /* Release */ = {
			isa = XCBuildConfiguration;
			buildSettings = {
				ALWAYS_SEARCH_USER_PATHS = NO;
				CLANG_ANALYZER_NONNULL = YES;
				CLANG_ANALYZER_NUMBER_OBJECT_CONVERSION = YES_AGGRESSIVE;
				CLANG_CXX_LANGUAGE_STANDARD = "gnu++14";
				CLANG_CXX_LIBRARY = "libc++";
				CLANG_ENABLE_MODULES = YES;
				CLANG_ENABLE_OBJC_ARC = YES;
				CLANG_ENABLE_OBJC_WEAK = YES;
				CLANG_WARN_BLOCK_CAPTURE_AUTORELEASING = YES;
				CLANG_WARN_BOOL_CONVERSION = YES;
				CLANG_WARN_COMMA = YES;
				CLANG_WARN_CONSTANT_CONVERSION = YES;
				CLANG_WARN_DEPRECATED_OBJC_IMPLEMENTATIONS = YES;
				CLANG_WARN_DIRECT_OBJC_ISA_USAGE = YES_ERROR;
				CLANG_WARN_DOCUMENTATION_COMMENTS = YES;
				CLANG_WARN_EMPTY_BODY = YES;
				CLANG_WARN_ENUM_CONVERSION = YES;
				CLANG_WARN_INFINITE_RECURSION = YES;
				CLANG_WARN_INT_CONVERSION = YES;
				CLANG_WARN_NON_LITERAL_NULL_CONVERSION = YES;
				CLANG_WARN_OBJC_IMPLICIT_RETAIN_SELF = YES;
				CLANG_WARN_OBJC_LITERAL_CONVERSION = YES;
				CLANG_WARN_OBJC_ROOT_CLASS = YES_ERROR;
				CLANG_WARN_RANGE_LOOP_ANALYSIS = YES;
				CLANG_WARN_STRICT_PROTOTYPES = YES;
				CLANG_WARN_SUSPICIOUS_MOVE = YES;
				CLANG_WARN_UNGUARDED_AVAILABILITY = YES_AGGRESSIVE;
				CLANG_WARN_UNREACHABLE_CODE = YES;
				CLANG_WARN__DUPLICATE_METHOD_MATCH = YES;
				CODE_SIGN_IDENTITY = "iPhone Developer";
				COPY_PHASE_STRIP = NO;
				DEBUG_INFORMATION_FORMAT = "dwarf-with-dsym";
				ENABLE_NS_ASSERTIONS = NO;
				ENABLE_STRICT_OBJC_MSGSEND = YES;
				GCC_C_LANGUAGE_STANDARD = gnu11;
				GCC_NO_COMMON_BLOCKS = YES;
				GCC_WARN_64_TO_32_BIT_CONVERSION = YES;
				GCC_WARN_ABOUT_RETURN_TYPE = YES_ERROR;
				GCC_WARN_UNDECLARED_SELECTOR = YES;
				GCC_WARN_UNINITIALIZED_AUTOS = YES_AGGRESSIVE;
				GCC_WARN_UNUSED_FUNCTION = YES;
				GCC_WARN_UNUSED_VARIABLE = YES;
				IPHONEOS_DEPLOYMENT_TARGET = 11.3;
				MTL_ENABLE_DEBUG_INFO = NO;
				SDKROOT = iphoneos;
				SWIFT_COMPILATION_MODE = wholemodule;
				SWIFT_OPTIMIZATION_LEVEL = "-O";
				VALIDATE_PRODUCT = YES;
			};
			name = Release;
		};
		2C614AC52088AC4300CD3455 /* Debug */ = {
			isa = XCBuildConfiguration;
			buildSettings = {
				ASSETCATALOG_COMPILER_APPICON_NAME = AppIcon;
				CODE_SIGN_STYLE = Automatic;
				INFOPLIST_FILE = iSecure/Info.plist;
				LD_RUNPATH_SEARCH_PATHS = (
					"$(inherited)",
					"@executable_path/Frameworks",
				);
				PRODUCT_BUNDLE_IDENTIFIER = Benerg.iSecure;
				PRODUCT_NAME = "$(TARGET_NAME)";
				SWIFT_VERSION = 4.0;
				TARGETED_DEVICE_FAMILY = "1,2";
			};
			name = Debug;
		};
		2C614AC62088AC4300CD3455 /* Release */ = {
			isa = XCBuildConfiguration;
			buildSettings = {
				ASSETCATALOG_COMPILER_APPICON_NAME = AppIcon;
				CODE_SIGN_STYLE = Automatic;
				INFOPLIST_FILE = iSecure/Info.plist;
				LD_RUNPATH_SEARCH_PATHS = (
					"$(inherited)",
					"@executable_path/Frameworks",
				);
				PRODUCT_BUNDLE_IDENTIFIER = Benerg.iSecure;
				PRODUCT_NAME = "$(TARGET_NAME)";
				SWIFT_VERSION = 4.0;
				TARGETED_DEVICE_FAMILY = "1,2";
			};
			name = Release;
		};
/* End XCBuildConfiguration section */

/* Begin XCConfigurationList section */
		2C614AAA2088AC4200CD3455 /* Build configuration list for PBXProject "iSecure" */ = {
			isa = XCConfigurationList;
			buildConfigurations = (
				2C614AC22088AC4300CD3455 /* Debug */,
				2C614AC32088AC4300CD3455 /* Release */,
			);
			defaultConfigurationIsVisible = 0;
			defaultConfigurationName = Release;
		};
		2C614AC42088AC4300CD3455 /* Build configuration list for PBXNativeTarget "iSecure" */ = {
			isa = XCConfigurationList;
			buildConfigurations = (
				2C614AC52088AC4300CD3455 /* Debug */,
				2C614AC62088AC4300CD3455 /* Release */,
			);
			defaultConfigurationIsVisible = 0;
			defaultConfigurationName = Release;
		};
/* End XCConfigurationList section */

/* Begin XCVersionGroup section */
		2C614AB92088AC4200CD3455 /* iSecure.xcdatamodeld */ = {
			isa = XCVersionGroup;
			children = (
				2C614ABA2088AC4200CD3455 /* iSecure.xcdatamodel */,
			);
			currentVersion = 2C614ABA2088AC4200CD3455 /* iSecure.xcdatamodel */;
			path = iSecure.xcdatamodeld;
			sourceTree = "<group>";
			versionGroupType = wrapper.xcdatamodel;
		};
/* End XCVersionGroup section */
	};
	rootObject = 2C614AA72088AC4200CD3455 /* Project object */;
}
